lockfileVersion: 5.4

specifiers:
  '@element-plus/icons-vue': ^1.1.4
  '@tauri-apps/api': ^1.0.0-rc.3
  '@tauri-apps/cli': ^1.0.0-rc.8
  '@types/lodash-es': ^4.17.6
  '@types/node': ^17.0.23
  '@vicons/tabler': ^0.12.0
  '@vitejs/plugin-vue': ^2.3.0
  '@vueuse/core': ^8.2.6
  element-plus: ^2.1.11
  sass: ^1.50.0
  typescript: ^4.5.4
  unplugin-auto-import: ^0.6.9
  unplugin-vue-components: ^0.18.5
  vite: ^2.9.0
  vue: ^3.2.25
  vue-i18n: '9'
  vue-tsc: ^0.33.9

dependencies:
  '@element-plus/icons-vue': 1.1.4_vue@3.2.31
  '@tauri-apps/api': 1.0.0-rc.3
  '@vicons/tabler': 0.12.0
  '@vueuse/core': 8.2.6_vue@3.2.31
  element-plus: 2.1.11_vue@3.2.31
  vue: 3.2.31
  vue-i18n: 9.1.9_vue@3.2.31

devDependencies:
  '@tauri-apps/cli': 1.0.0-rc.8
  '@types/lodash-es': 4.17.6
  '@types/node': 17.0.23
  '@vitejs/plugin-vue': 2.3.1_vite@2.9.1+vue@3.2.31
  sass: 1.50.0
  typescript: 4.6.3
  unplugin-auto-import: 0.6.9_ry67vpzey2m6u54pciqdqn5ine
  unplugin-vue-components: 0.18.5_vite@2.9.1+vue@3.2.31
  vite: 2.9.1_sass@1.50.0
  vue-tsc: 0.33.9_typescript@4.6.3

packages:

  /@antfu/utils/0.5.0:
    resolution: {integrity: sha512-MrAQ/MrPSxbh1bBrmwJjORfJymw4IqSHFBXqvxaga3ZdDM+/zokYF8DjyJpSjY2QmpmgQrajDUBJOWrYeARfzA==}
    dev: true

  /@babel/helper-validator-identifier/7.16.7:
    resolution: {integrity: sha512-hsEnFemeiW4D08A5gUAZxLBTXpZ39P+a+DGDsHw1yxqyQ/jzFEnxf5uTEGp+3bzAbNOxU1paTgYS4ECU/IgfDw==}
    engines: {node: '>=6.9.0'}

  /@babel/parser/7.17.8:
    resolution: {integrity: sha512-BoHhDJrJXqcg+ZL16Xv39H9n+AqJ4pcDrQBGZN+wHxIysrLZ3/ECwCBUch/1zUNhnsXULcONU3Ei5Hmkfk6kiQ==}
    engines: {node: '>=6.0.0'}
    hasBin: true
    dependencies:
      '@babel/types': 7.17.10

  /@babel/types/7.17.10:
    resolution: {integrity: sha512-9O26jG0mBYfGkUYCYZRnBwbVLd1UZOICEr2Em6InB6jVfsAv1GKgwXHmrSg+WFWDmeKTA6vyTZiN8tCSM5Oo3A==}
    engines: {node: '>=6.9.0'}
    dependencies:
      '@babel/helper-validator-identifier': 7.16.7
      to-fast-properties: 2.0.0

  /@ctrl/tinycolor/3.4.1:
    resolution: {integrity: sha512-ej5oVy6lykXsvieQtqZxCOaLT+xD4+QNarq78cIYISHmZXshCvROLudpQN3lfL8G0NL7plMSSK+zlyvCaIJ4Iw==}
    engines: {node: '>=10'}
    dev: false

  /@element-plus/icons-vue/1.1.4_vue@3.2.31:
    resolution: {integrity: sha512-Iz/nHqdp1sFPmdzRwHkEQQA3lKvoObk8azgABZ81QUOpW9s/lUyQVUSh0tNtEPZXQlKwlSh7SPgoVxzrE0uuVQ==}
    peerDependencies:
      vue: ^3.2.0
    dependencies:
      vue: 3.2.31
    dev: false

  /@floating-ui/core/0.6.2:
    resolution: {integrity: sha512-jktYRmZwmau63adUG3GKOAVCofBXkk55S/zQ94XOorAHhwqFIOFAy1rSp2N0Wp6/tGbe9V3u/ExlGZypyY17rg==}
    dev: false

  /@floating-ui/dom/0.4.5:
    resolution: {integrity: sha512-b+prvQgJt8pieaKYMSJBXHxX/DYwdLsAWxKYqnO5dO2V4oo/TYBZJAUQCVNjTWWsrs6o4VDrNcP9+E70HAhJdw==}
    dependencies:
      '@floating-ui/core': 0.6.2
    dev: false

  /@intlify/core-base/9.1.9:
    resolution: {integrity: sha512-x5T0p/Ja0S8hs5xs+ImKyYckVkL4CzcEXykVYYV6rcbXxJTe2o58IquSqX9bdncVKbRZP7GlBU1EcRaQEEJ+vw==}
    engines: {node: '>= 10'}
    dependencies:
      '@intlify/devtools-if': 9.1.9
      '@intlify/message-compiler': 9.1.9
      '@intlify/message-resolver': 9.1.9
      '@intlify/runtime': 9.1.9
      '@intlify/shared': 9.1.9
      '@intlify/vue-devtools': 9.1.9
    dev: false

  /@intlify/devtools-if/9.1.9:
    resolution: {integrity: sha512-oKSMKjttG3Ut/1UGEZjSdghuP3fwA15zpDPcjkf/1FjlOIm6uIBGMNS5jXzsZy593u+P/YcnrZD6cD3IVFz9vQ==}
    engines: {node: '>= 10'}
    dependencies:
      '@intlify/shared': 9.1.9
    dev: false

  /@intlify/message-compiler/9.1.9:
    resolution: {integrity: sha512-6YgCMF46Xd0IH2hMRLCssZI3gFG4aywidoWQ3QP4RGYQXQYYfFC54DxhSgfIPpVoPLQ+4AD29eoYmhiHZ+qLFQ==}
    engines: {node: '>= 10'}
    dependencies:
      '@intlify/message-resolver': 9.1.9
      '@intlify/shared': 9.1.9
      source-map: 0.6.1
    dev: false

  /@intlify/message-resolver/9.1.9:
    resolution: {integrity: sha512-Lx/DBpigeK0sz2BBbzv5mu9/dAlt98HxwbG7xLawC3O2xMF9MNWU5FtOziwYG6TDIjNq0O/3ZbOJAxwITIWXEA==}
    engines: {node: '>= 10'}
    dev: false

  /@intlify/runtime/9.1.9:
    resolution: {integrity: sha512-XgPw8+UlHCiie3fI41HPVa/VDJb3/aSH7bLhY1hJvlvNV713PFtb4p4Jo+rlE0gAoMsMCGcsiT982fImolSltg==}
    engines: {node: '>= 10'}
    dependencies:
      '@intlify/message-compiler': 9.1.9
      '@intlify/message-resolver': 9.1.9
      '@intlify/shared': 9.1.9
    dev: false

  /@intlify/shared/9.1.9:
    resolution: {integrity: sha512-xKGM1d0EAxdDFCWedcYXOm6V5Pfw/TMudd6/qCdEb4tv0hk9EKeg7lwQF1azE0dP2phvx0yXxrt7UQK+IZjNdw==}
    engines: {node: '>= 10'}
    dev: false

  /@intlify/vue-devtools/9.1.9:
    resolution: {integrity: sha512-YPehH9uL4vZcGXky4Ev5qQIITnHKIvsD2GKGXgqf+05osMUI6WSEQHaN9USRa318Rs8RyyPCiDfmA0hRu3k7og==}
    engines: {node: '>= 10'}
    dependencies:
      '@intlify/message-resolver': 9.1.9
      '@intlify/runtime': 9.1.9
      '@intlify/shared': 9.1.9
    dev: false

  /@nodelib/fs.scandir/2.1.5:
    resolution: {integrity: sha512-vq24Bq3ym5HEQm2NKCr3yXDwjc7vTsEThRDnkp2DK9p1uqLR+DHurm/NOTo0KG7HYHU7eppKZj3MyqYuMBf62g==}
    engines: {node: '>= 8'}
    dependencies:
      '@nodelib/fs.stat': 2.0.5
      run-parallel: 1.2.0
    dev: true

  /@nodelib/fs.stat/2.0.5:
    resolution: {integrity: sha512-RkhPPp2zrqDAQA/2jNhnztcPAlv64XdhIp7a7454A5ovI7Bukxgt7MX7udwAu3zg1DcpPU0rz3VV1SeaqvY4+A==}
    engines: {node: '>= 8'}
    dev: true

  /@nodelib/fs.walk/1.2.8:
    resolution: {integrity: sha512-oGB+UxlgWcgQkgwo8GcEGwemoTFt3FIO9ababBmaGwXIoBKZ+GTy0pP185beGg7Llih/NSHSV2XAs1lnznocSg==}
    engines: {node: '>= 8'}
    dependencies:
      '@nodelib/fs.scandir': 2.1.5
      fastq: 1.13.0
    dev: true

  /@rollup/pluginutils/4.2.0:
    resolution: {integrity: sha512-2WUyJNRkyH5p487pGnn4tWAsxhEFKN/pT8CMgHshd5H+IXkOnKvKZwsz5ZWz+YCXkleZRAU5kwbfgF8CPfDRqA==}
    engines: {node: '>= 8.0.0'}
    dependencies:
      estree-walker: 2.0.2
      picomatch: 2.3.1
    dev: true

  /@sxzz/popperjs-es/2.11.7:
    resolution: {integrity: sha512-Ccy0NlLkzr0Ex2FKvh2X+OyERHXJ88XJ1MXtsI9y9fGexlaXaVTPzBCRBwIxFkORuOb+uBqeu+RqnpgYTEZRUQ==}
    dev: false

  /@tauri-apps/api/1.0.0-rc.3:
    resolution: {integrity: sha512-/ZbyBjuUoU6mYm8RzibIUvVuJ31ZwYA2+fTRl7FF4LVFhzCVJ1YI1BS5ohGb2GsLNmLpfeo7kDHaIhV2uaOchQ==}
    engines: {node: '>= 12.13.0', npm: '>= 6.6.0', yarn: '>= 1.19.1'}
    dependencies:
      type-fest: 2.12.1
    dev: false

  /@tauri-apps/cli-darwin-arm64/1.0.0-rc.8:
    resolution: {integrity: sha512-sbV4fkd3YBlX0gEBldEVmN/NbBdHzrn8wCRRiFaNBocDWC6Ji6DNvpp1Vy1xgY0RgtGOisGD+3+HelmKP4Mh/A==}
    engines: {node: '>= 10'}
    cpu: [arm64]
    os: [darwin]
    requiresBuild: true
    dev: true
    optional: true

  /@tauri-apps/cli-darwin-x64/1.0.0-rc.8:
    resolution: {integrity: sha512-VmuYbBZKKal/YxSTbzHTaM04C9zUlTXq7ePoXc1PRAa/Xafo16N37OGzhzBlsKHrvh6BtPp9ZWk5UhHIDiJBsw==}
    engines: {node: '>= 10'}
    cpu: [x64]
    os: [darwin]
    requiresBuild: true
    dev: true
    optional: true

  /@tauri-apps/cli-linux-arm-gnueabihf/1.0.0-rc.8:
    resolution: {integrity: sha512-2VKkS1c2pK56sgtGxtsm9nKKWefG7dgPnynTuCoEngkgQfNIlZ1ns/eAIZpBmwhvOMOw2OesKvK9ZQo0/lE/IA==}
    engines: {node: '>= 10'}
    cpu: [arm]
    os: [linux]
    requiresBuild: true
    dev: true
    optional: true

  /@tauri-apps/cli-linux-arm64-gnu/1.0.0-rc.8:
    resolution: {integrity: sha512-jykbrTJyx0uJhhL/3PPYGx5ETqEzacJ3YChnHzVClSzPkrdoGC61/xY9dMD9ZFJsLMJkV4VJj8sGRd1OPKCa/w==}
    engines: {node: '>= 10'}
    cpu: [arm64]
    os: [linux]
    requiresBuild: true
    dev: true
    optional: true

  /@tauri-apps/cli-linux-arm64-musl/1.0.0-rc.8:
    resolution: {integrity: sha512-HAIm8BKpLIWkvYgxoRzDIaqWIW3UtH2HO1qDd0aov5FTx/9dtCTtylpvd/6mWs5LGaEmsLoSokfJloI2sMZ/WQ==}
    engines: {node: '>= 10'}
    cpu: [arm64]
    os: [linux]
    requiresBuild: true
    dev: true
    optional: true

  /@tauri-apps/cli-linux-x64-gnu/1.0.0-rc.8:
    resolution: {integrity: sha512-fnPrkX6Uy9Qz2vqnT3D3sgbJzXTR4arNUIQl8HIYi2YCZZVmDWczz4x4++ilZWwk0I3a7d612/WzTeBzQjn3kg==}
    engines: {node: '>= 10'}
    cpu: [x64]
    os: [linux]
    requiresBuild: true
    dev: true
    optional: true

  /@tauri-apps/cli-linux-x64-musl/1.0.0-rc.8:
    resolution: {integrity: sha512-kHrpBsJFRAwqFL7xnsrKdNxnYjzI/J9/Dr7T3rl+IIPbi1sIojh6DydxFOYepnuoINA6zWYQJpo0FQeASJsXrw==}
    engines: {node: '>= 10'}
    cpu: [x64]
    os: [linux]
    requiresBuild: true
    dev: true
    optional: true

  /@tauri-apps/cli-win32-ia32-msvc/1.0.0-rc.8:
    resolution: {integrity: sha512-y8uT7AaIZVdLAWL4pxj/GXitwWn828er23yniOvTo1mJMCZsSFdwiOGiRSXI6OZsVCOPiJmvqq7eWaskQKYA0A==}
    engines: {node: '>= 10'}
    cpu: [ia32]
    os: [win32]
    requiresBuild: true
    dev: true
    optional: true

  /@tauri-apps/cli-win32-x64-msvc/1.0.0-rc.8:
    resolution: {integrity: sha512-PiDr/iAKoL9nQSiWHkUSjRVHbvCJaa7Xj3P9UnGkjJQ9LGTr7AYZdLk4zISegF+/fZnOmaqUdZW9yWPPyJAzPw==}
    engines: {node: '>= 10'}
    cpu: [x64]
    os: [win32]
    requiresBuild: true
    dev: true
    optional: true

  /@tauri-apps/cli/1.0.0-rc.8:
    resolution: {integrity: sha512-FWpNwbgGMPgDb41oO7wdBhBsBE6FMG9yHKbtbrkJ/8d/hWcT6e3UUTfFL9cR2VGdp1pdWlul5+BKH0PTf8rB9w==}
    engines: {node: '>= 10'}
    hasBin: true
    optionalDependencies:
      '@tauri-apps/cli-darwin-arm64': 1.0.0-rc.8
      '@tauri-apps/cli-darwin-x64': 1.0.0-rc.8
      '@tauri-apps/cli-linux-arm-gnueabihf': 1.0.0-rc.8
      '@tauri-apps/cli-linux-arm64-gnu': 1.0.0-rc.8
      '@tauri-apps/cli-linux-arm64-musl': 1.0.0-rc.8
      '@tauri-apps/cli-linux-x64-gnu': 1.0.0-rc.8
      '@tauri-apps/cli-linux-x64-musl': 1.0.0-rc.8
      '@tauri-apps/cli-win32-ia32-msvc': 1.0.0-rc.8
      '@tauri-apps/cli-win32-x64-msvc': 1.0.0-rc.8
    dev: true

  /@types/lodash-es/4.17.6:
    resolution: {integrity: sha512-R+zTeVUKDdfoRxpAryaQNRKk3105Rrgx2CFRClIgRGaqDTdjsm8h6IYA8ir584W3ePzkZfst5xIgDwYrlh9HLg==}
    dependencies:
      '@types/lodash': 4.14.181

  /@types/lodash/4.14.181:
    resolution: {integrity: sha512-n3tyKthHJbkiWhDZs3DkhkCzt2MexYHXlX0td5iMplyfwketaOeKboEVBqzceH7juqvEg3q5oUoBFxSLu7zFag==}

  /@types/lodash/4.14.182:
    resolution: {integrity: sha512-/THyiqyQAP9AfARo4pF+aCGcyiQ94tX/Is2I7HofNRqoYLgN1PBoOWu2/zTA5zMxzP5EFutMtWtGAFRKUe961Q==}
    dev: false

  /@types/node/17.0.23:
    resolution: {integrity: sha512-UxDxWn7dl97rKVeVS61vErvw086aCYhDLyvRQZ5Rk65rZKepaFdm53GeqXaKBuOhED4e9uWq34IC3TdSdJJ2Gw==}
    dev: true

  /@vicons/tabler/0.12.0:
    resolution: {integrity: sha512-3+wUFuxb7e8OzZ8Wryct1pzfA2vyoF4lwW98O9s27ZrfCGaJGNmqG+q8A7vQ92Mf+COCgxpK+rhNPTtTvaU6qw==}
    dev: false

  /@vitejs/plugin-vue/2.3.1_vite@2.9.1+vue@3.2.31:
    resolution: {integrity: sha512-YNzBt8+jt6bSwpt7LP890U1UcTOIZZxfpE5WOJ638PNxSEKOqAi0+FSKS0nVeukfdZ0Ai/H7AFd6k3hayfGZqQ==}
    engines: {node: '>=12.0.0'}
    peerDependencies:
      vite: ^2.5.10
      vue: ^3.2.25
    dependencies:
      vite: 2.9.1_sass@1.50.0
      vue: 3.2.31
    dev: true

  /@volar/code-gen/0.33.9:
    resolution: {integrity: sha512-HI+XemEjvOv9uSjqaNXIL1brSTaBy9vRTcXqz9787nL5VKktI8aU1Zk4w9yJR88eTqw7mlPIdMaib7Ps/QPq8Q==}
    dependencies:
      '@volar/source-map': 0.33.9
    dev: true

  /@volar/pug-language-service/0.33.9:
    resolution: {integrity: sha512-3oOV0HmoqkCyPAiHXSMoDzbLrSEQQv3d1dY/Lfo4H8hGoS8kUYJ958328TuLFc90yzsSmYnuvIux5AUok138pg==}
    dependencies:
      '@volar/code-gen': 0.33.9
      '@volar/shared': 0.33.9
      '@volar/source-map': 0.33.9
      '@volar/transforms': 0.33.9
      pug-lexer: 5.0.1
      pug-parser: 6.0.0
      vscode-languageserver-textdocument: 1.0.4
      vscode-languageserver-types: 3.17.0-next.9
    dev: true

  /@volar/shared/0.33.9:
    resolution: {integrity: sha512-YqEBYT1SjyO+/W73lyKZlftumimsrYGvd98pHrIyvgc6HNhFnCcthRbyHskstjU6P8Bgj90mRl+7Sb29J+Z5ng==}
    dependencies:
      upath: 2.0.1
      vscode-jsonrpc: 8.0.0-next.7
      vscode-uri: 3.0.3
    dev: true

  /@volar/source-map/0.33.9:
    resolution: {integrity: sha512-SE7dfumZ8pLsbj4DtiSDTg2/d/JT45nF51rUnuz1UNSBPEeXBexlzvz5EQ2AyrX0FjAAd2ijrRtirTk1a0SFhQ==}
    dev: true

  /@volar/transforms/0.33.9:
    resolution: {integrity: sha512-qdc2d0ZW/G6jCx1pBmoMjMJTY245pZJjpPL/OCT3zgbDLGvLvqhowXxQYQd2YiNXqxJvbadEKviH5LiZL3sU9g==}
    dependencies:
      '@volar/shared': 0.33.9
      vscode-languageserver-types: 3.17.0-next.9
    dev: true

  /@volar/vue-code-gen/0.33.9:
    resolution: {integrity: sha512-qRCXcBhm1kUlI06sW5zolavn8gqZdSC2eIWw7jgbW68K/cGlTyXHGGZgJPM9P22cF9pcrjV1ByehO18ke2u+aA==}
    dependencies:
      '@volar/code-gen': 0.33.9
      '@volar/source-map': 0.33.9
      '@vue/compiler-core': 3.2.31
      '@vue/compiler-dom': 3.2.31
      '@vue/shared': 3.2.31
    dev: true

  /@volar/vue-typescript/0.33.9:
    resolution: {integrity: sha512-UUViaQfzAV7z49TB+IsGCT6ls7zdEUib2N0L4k8U9nZbd2BQA4kcR9nyS/8oDOU5fK3ErP+pPlC+XzGGamKhcw==}
    dependencies:
      '@volar/code-gen': 0.33.9
      '@volar/pug-language-service': 0.33.9
      '@volar/source-map': 0.33.9
      '@volar/vue-code-gen': 0.33.9
      '@vue/compiler-sfc': 3.2.31
      '@vue/reactivity': 3.2.31
    dev: true

  /@vue/compiler-core/3.2.31:
    resolution: {integrity: sha512-aKno00qoA4o+V/kR6i/pE+aP+esng5siNAVQ422TkBNM6qA4veXiZbSe8OTXHXquEi/f6Akc+nLfB4JGfe4/WQ==}
    dependencies:
      '@babel/parser': 7.17.8
      '@vue/shared': 3.2.31
      estree-walker: 2.0.2
      source-map: 0.6.1

  /@vue/compiler-dom/3.2.31:
    resolution: {integrity: sha512-60zIlFfzIDf3u91cqfqy9KhCKIJgPeqxgveH2L+87RcGU/alT6BRrk5JtUso0OibH3O7NXuNOQ0cDc9beT0wrg==}
    dependencies:
      '@vue/compiler-core': 3.2.31
      '@vue/shared': 3.2.31

  /@vue/compiler-sfc/3.2.31:
    resolution: {integrity: sha512-748adc9msSPGzXgibHiO6T7RWgfnDcVQD+VVwYgSsyyY8Ans64tALHZANrKtOzvkwznV/F4H7OAod/jIlp/dkQ==}
    dependencies:
      '@babel/parser': 7.17.8
      '@vue/compiler-core': 3.2.31
      '@vue/compiler-dom': 3.2.31
      '@vue/compiler-ssr': 3.2.31
      '@vue/reactivity-transform': 3.2.31
      '@vue/shared': 3.2.31
      estree-walker: 2.0.2
      magic-string: 0.25.9
      postcss: 8.4.12
      source-map: 0.6.1

  /@vue/compiler-ssr/3.2.31:
    resolution: {integrity: sha512-mjN0rqig+A8TVDnsGPYJM5dpbjlXeHUm2oZHZwGyMYiGT/F4fhJf/cXy8QpjnLQK4Y9Et4GWzHn9PS8AHUnSkw==}
    dependencies:
      '@vue/compiler-dom': 3.2.31
      '@vue/shared': 3.2.31

  /@vue/devtools-api/6.1.4:
    resolution: {integrity: sha512-IiA0SvDrJEgXvVxjNkHPFfDx6SXw0b/TUkqMcDZWNg9fnCAHbTpoo59YfJ9QLFkwa3raau5vSlRVzMSLDnfdtQ==}
    dev: false

  /@vue/reactivity-transform/3.2.31:
    resolution: {integrity: sha512-uS4l4z/W7wXdI+Va5pgVxBJ345wyGFKvpPYtdSgvfJfX/x2Ymm6ophQlXXB6acqGHtXuBqNyyO3zVp9b1r0MOA==}
    dependencies:
      '@babel/parser': 7.17.8
      '@vue/compiler-core': 3.2.31
      '@vue/shared': 3.2.31
      estree-walker: 2.0.2
      magic-string: 0.25.9

  /@vue/reactivity/3.2.31:
    resolution: {integrity: sha512-HVr0l211gbhpEKYr2hYe7hRsV91uIVGFYNHj73njbARVGHQvIojkImKMaZNDdoDZOIkMsBc9a1sMqR+WZwfSCw==}
    dependencies:
      '@vue/shared': 3.2.31

  /@vue/runtime-core/3.2.31:
    resolution: {integrity: sha512-Kcog5XmSY7VHFEMuk4+Gap8gUssYMZ2+w+cmGI6OpZWYOEIcbE0TPzzPHi+8XTzAgx1w/ZxDFcXhZeXN5eKWsA==}
    dependencies:
      '@vue/reactivity': 3.2.31
      '@vue/shared': 3.2.31
    dev: false

  /@vue/runtime-dom/3.2.31:
    resolution: {integrity: sha512-N+o0sICVLScUjfLG7u9u5XCjvmsexAiPt17GNnaWHJUfsKed5e85/A3SWgKxzlxx2SW/Hw7RQxzxbXez9PtY3g==}
    dependencies:
      '@vue/runtime-core': 3.2.31
      '@vue/shared': 3.2.31
      csstype: 2.6.20
    dev: false

  /@vue/server-renderer/3.2.31_vue@3.2.31:
    resolution: {integrity: sha512-8CN3Zj2HyR2LQQBHZ61HexF5NReqngLT3oahyiVRfSSvak+oAvVmu8iNLSu6XR77Ili2AOpnAt1y8ywjjqtmkg==}
    peerDependencies:
      vue: 3.2.31
    dependencies:
      '@vue/compiler-ssr': 3.2.31
      '@vue/shared': 3.2.31
      vue: 3.2.31
    dev: false

  /@vue/shared/3.2.31:
    resolution: {integrity: sha512-ymN2pj6zEjiKJZbrf98UM2pfDd6F2H7ksKw7NDt/ZZ1fh5Ei39X5tABugtT03ZRlWd9imccoK0hE8hpjpU7irQ==}

  /@vueuse/core/8.2.6_vue@3.2.31:
    resolution: {integrity: sha512-fzlpM3B5oVe+UhCT1mXlhG1Zxdq2lq1Z2AvddSB8+RxrsSFzII7DKfsQEz8Vop7Lzc++4m8drTNbhPovYoFqHw==}
    peerDependencies:
      '@vue/composition-api': ^1.1.0
      vue: ^2.6.0 || ^3.2.0
    peerDependenciesMeta:
      '@vue/composition-api':
        optional: true
      vue:
        optional: true
    dependencies:
      '@vueuse/metadata': 8.2.6
      '@vueuse/shared': 8.2.6_vue@3.2.31
      vue: 3.2.31
      vue-demi: 0.12.5_vue@3.2.31
    dev: false

  /@vueuse/metadata/8.2.6:
    resolution: {integrity: sha512-OBKtafCt+4RcEJlYDCjp1vl65pBCL2g4TmipEtdZ8/qphKlW6nakJbkY7XRN5grPmjqU99/ahJGtyGk5NHS2hw==}
    dev: false

  /@vueuse/shared/8.2.6_vue@3.2.31:
    resolution: {integrity: sha512-J/W4CMfdL8TahELuSOgtfVO4eQXTjhigp7dVWIBsLUVFCeY9d49gvHUcQN3y5xYLZ6iNP57TjTQjMMT/zhklkw==}
    peerDependencies:
      '@vue/composition-api': ^1.1.0
      vue: ^2.6.0 || ^3.2.0
    peerDependenciesMeta:
      '@vue/composition-api':
        optional: true
      vue:
        optional: true
    dependencies:
      vue: 3.2.31
      vue-demi: 0.12.5_vue@3.2.31
    dev: false

  /acorn/7.4.1:
    resolution: {integrity: sha512-nQyp0o1/mNdbTO1PO6kHkwSrmgZ0MT/jCCpNiwbUjGoRN4dlBhqJtoQuCnEOKzgTVwg0ZWiCoQy6SxMebQVh8A==}
    engines: {node: '>=0.4.0'}
    hasBin: true
    dev: true

  /anymatch/3.1.2:
    resolution: {integrity: sha512-P43ePfOAIupkguHUycrc4qJ9kz8ZiuOUijaETwX7THt0Y/GNK7v0aa8rY816xWjZ7rJdA5XdMcpVFTKMq+RvWg==}
    engines: {node: '>= 8'}
    dependencies:
      normalize-path: 3.0.0
      picomatch: 2.3.1
    dev: true

  /async-validator/4.0.7:
    resolution: {integrity: sha512-Pj2IR7u8hmUEDOwB++su6baaRi+QvsgajuFB9j95foM1N2gy5HM4z60hfusIO0fBPG5uLAEl6yCJr1jNSVugEQ==}
    dev: false

  /balanced-match/1.0.2:
    resolution: {integrity: sha512-3oSeUO0TMV67hN1AmbXsK4yaqU7tjiHlbxRDZOpH0KW9+CeX4bRAaX0Anxt0tx2MrpRpWwQaPwIlISEJhYU5Pw==}
    dev: true

  /binary-extensions/2.2.0:
    resolution: {integrity: sha512-jDctJ/IVQbZoJykoeHbhXpOlNBqGNcwXJKJog42E5HDPUwQTSdjCHdihjj0DlnheQ7blbT6dHOafNAiS8ooQKA==}
    engines: {node: '>=8'}
    dev: true

  /brace-expansion/2.0.1:
    resolution: {integrity: sha512-XnAIvQ8eM+kC6aULx6wuQiwVsnzsi9d3WxzV3FpWTGA19F621kwdbsAcFKXgKUHZWsy+mY6iL1sHTxWEFCytDA==}
    dependencies:
      balanced-match: 1.0.2
    dev: true

  /braces/3.0.2:
    resolution: {integrity: sha512-b8um+L1RzM3WDSzvhm6gIz1yfTbBt6YTlcEKAvsmqCZZFw46z626lVj9j1yEPW33H5H+lBQpZMP1k8l+78Ha0A==}
    engines: {node: '>=8'}
    dependencies:
      fill-range: 7.0.1
    dev: true

  /call-bind/1.0.2:
    resolution: {integrity: sha512-7O+FbCihrB5WGbFYesctwmTKae6rOiIzmz1icreWJ+0aA7LJfuqhEso2T9ncpcFtzMQtzXf2QGGueWJGTYsqrA==}
    dependencies:
      function-bind: 1.1.1
      get-intrinsic: 1.1.1
    dev: true

  /character-parser/2.2.0:
    resolution: {integrity: sha1-x84o821LzZdE5f/CxfzeHHMmH8A=}
    dependencies:
      is-regex: 1.1.4
    dev: true

  /chokidar/3.5.3:
    resolution: {integrity: sha512-Dr3sfKRP6oTcjf2JmUmFJfeVMvXBdegxB0iVQ5eb2V10uFJUCAS8OByZdVAyVb8xXNz3GjjTgj9kLWsZTqE6kw==}
    engines: {node: '>= 8.10.0'}
    dependencies:
      anymatch: 3.1.2
      braces: 3.0.2
      glob-parent: 5.1.2
      is-binary-path: 2.1.0
      is-glob: 4.0.3
      normalize-path: 3.0.0
      readdirp: 3.6.0
    optionalDependencies:
      fsevents: 2.3.2
    dev: true

  /csstype/2.6.20:
    resolution: {integrity: sha512-/WwNkdXfckNgw6S5R125rrW8ez139lBHWouiBvX8dfMFtcn6V81REDqnH7+CRpRipfYlyU1CmOnOxrmGcFOjeA==}
    dev: false

  /dayjs/1.11.2:
    resolution: {integrity: sha512-F4LXf1OeU9hrSYRPTTj/6FbO4HTjPKXvEIC1P2kcnFurViINCVk3ZV0xAS3XVx9MkMsXbbqlK6hjseaYbgKEHw==}
    dev: false

  /debug/4.3.4:
    resolution: {integrity: sha512-PRWFHuSU3eDtQJPvnNY7Jcket1j0t5OuOsFzPPzsekD52Zl8qUfFIPEiswXqIvHWGVHOgX+7G/vCNNhehwxfkQ==}
    engines: {node: '>=6.0'}
    peerDependencies:
      supports-color: '*'
    peerDependenciesMeta:
      supports-color:
        optional: true
    dependencies:
      ms: 2.1.2
    dev: true

  /element-plus/2.1.11_vue@3.2.31:
    resolution: {integrity: sha512-s4X0I8s787tv+9UdekBC1g7v42Fj4bucPAmu03EjbgrGrV7BJvkoBGuK52lNfu4yC76bl6Uyjesd5Fu8CMakSw==}
    peerDependencies:
      vue: ^3.2.0
    dependencies:
      '@ctrl/tinycolor': 3.4.1
      '@element-plus/icons-vue': 1.1.4_vue@3.2.31
      '@floating-ui/dom': 0.4.5
      '@popperjs/core': /@sxzz/popperjs-es/2.11.7
      '@types/lodash': 4.14.182
      '@types/lodash-es': 4.17.6
      '@vueuse/core': 8.2.6_vue@3.2.31
      async-validator: 4.0.7
      dayjs: 1.11.2
      escape-html: 1.0.3
      lodash: 4.17.21
      lodash-es: 4.17.21
      lodash-unified: 1.0.2_3ib2ivapxullxkx3xftsimdk7u
      memoize-one: 6.0.0
      normalize-wheel-es: 1.1.2
      vue: 3.2.31
    transitivePeerDependencies:
      - '@vue/composition-api'
    dev: false

  /esbuild-android-64/0.14.31:
    resolution: {integrity: sha512-MYkuJ91w07nGmr4EouejOZK2j/f5TCnsKxY8vRr2+wpKKfHD1LTJK28VbZa+y1+AL7v1V9G98ezTUwsV3CmXNw==}
    engines: {node: '>=12'}
    cpu: [x64]
    os: [android]
    requiresBuild: true
    dev: true
    optional: true

  /esbuild-android-arm64/0.14.31:
    resolution: {integrity: sha512-0rkH/35s7ZVcsw6nS0IAkR0dekSbjZGWdlOAf3jV0lGoPqqw0x6/TmaV9w7DQgUERTH1ApmPlpAMU4kVkCq9Jg==}
    engines: {node: '>=12'}
    cpu: [arm64]
    os: [android]
    requiresBuild: true
    dev: true
    optional: true

  /esbuild-darwin-64/0.14.31:
    resolution: {integrity: sha512-kP6xPZHxtJa36Hb0jC05L3VzQSZBW2f3bpnQS20czXTRGEmM2GDiYpGdI5g2QYaw6vC4PYXjnigq8usd9g9jnQ==}
    engines: {node: '>=12'}
    cpu: [x64]
    os: [darwin]
    requiresBuild: true
    dev: true
    optional: true

  /esbuild-darwin-arm64/0.14.31:
    resolution: {integrity: sha512-1ZMog4hkNsdBGtDDtsftUqX6S9N52gEx4vX5aVehsSptgoBFIar1XrPiBTQty7YNH+bJasTpSVaZQgElCVvPKQ==}
    engines: {node: '>=12'}
    cpu: [arm64]
    os: [darwin]
    requiresBuild: true
    dev: true
    optional: true

  /esbuild-freebsd-64/0.14.31:
    resolution: {integrity: sha512-Zo0BYj7QpVFWoUpkv6Ng0RO2eJ4zk/WDaHMO88+jr5HuYmxsOre0imgwaZVPquTuJnCvL1G48BFucJ3tFflSeQ==}
    engines: {node: '>=12'}
    cpu: [x64]
    os: [freebsd]
    requiresBuild: true
    dev: true
    optional: true

  /esbuild-freebsd-arm64/0.14.31:
    resolution: {integrity: sha512-t85bS6jbRpmdjr4pdr/FY/fpx8lo1vv9S7BAs2EsXKJQhRDMIiC3QW+k2acYJoRuqirlvJcJVFQGCq/PfyC1kA==}
    engines: {node: '>=12'}
    cpu: [arm64]
    os: [freebsd]
    requiresBuild: true
    dev: true
    optional: true

  /esbuild-linux-32/0.14.31:
    resolution: {integrity: sha512-XYtOk/GodSkv+UOYVwryGpGPuFnszsMvRMKq6cIUfFfdssHuKDsU9IZveyCG44J106J39ABenQ5EetbYtVJHUw==}
    engines: {node: '>=12'}
    cpu: [ia32]
    os: [linux]
    requiresBuild: true
    dev: true
    optional: true

  /esbuild-linux-64/0.14.31:
    resolution: {integrity: sha512-Zf9CZxAxaXWHLqCg/QZ/hs0RU0XV3IBxV+ENQzy00S4QOTnZAvSLgPciILHHrVJ0lPIlb4XzAqlLM5y6iI2LIw==}
    engines: {node: '>=12'}
    cpu: [x64]
    os: [linux]
    requiresBuild: true
    dev: true
    optional: true

  /esbuild-linux-arm/0.14.31:
    resolution: {integrity: sha512-RpiaeHPRlgCCDskxoyIsI49BhcDtZ4cl8+SLffizDm0yMNWP538SUg0ezQ2TTOPj3/svaGIbkRDwYtAon0Sjkg==}
    engines: {node: '>=12'}
    cpu: [arm]
    os: [linux]
    requiresBuild: true
    dev: true
    optional: true

  /esbuild-linux-arm64/0.14.31:
    resolution: {integrity: sha512-V/H0tv+xpQ9IOHM+o85oCKNNidIEc5CcnDWl0V+hPd2F03dqdbFkWPBGphx8rD4JSQn6UefUQ1iH7y1qIzO8Fw==}
    engines: {node: '>=12'}
    cpu: [arm64]
    os: [linux]
    requiresBuild: true
    dev: true
    optional: true

  /esbuild-linux-mips64le/0.14.31:
    resolution: {integrity: sha512-9/oBfAckInRuUg6AEgdCLLn6KJ6UOJDOLmUinTsReVSg6AfV6wxYQJq9iQM2idRogP7GUpomJ+bvCdWXpotQRQ==}
    engines: {node: '>=12'}
    cpu: [mips64el]
    os: [linux]
    requiresBuild: true
    dev: true
    optional: true

  /esbuild-linux-ppc64le/0.14.31:
    resolution: {integrity: sha512-NMcb14Pg+8q8raGkzor9/R3vQwKzgxE3694BtO2SDLBwJuL2C1dQ1ZtM1t7ZvArQBgT8RiZVxb0/3fD+qGNk7g==}
    engines: {node: '>=12'}
    cpu: [ppc64]
    os: [linux]
    requiresBuild: true
    dev: true
    optional: true

  /esbuild-linux-riscv64/0.14.31:
    resolution: {integrity: sha512-l13yvmsVfawAnoYfcpuvml+nTlrOmtdceXYufSkXl2DOb0JKcuR6ARlAzuQCDcpo49SOJy1cCxpwlOIsUQBfzA==}
    engines: {node: '>=12'}
    cpu: [riscv64]
    os: [linux]
    requiresBuild: true
    dev: true
    optional: true

  /esbuild-linux-s390x/0.14.31:
    resolution: {integrity: sha512-GIwV9mY3koYja9MCSkKLk1P7rj+MkPV0UsGsZ575hEcIBrXeKN9jBi6X/bxDDPEN/SUAH35cJhBNrZU4x9lEfg==}
    engines: {node: '>=12'}
    cpu: [s390x]
    os: [linux]
    requiresBuild: true
    dev: true
    optional: true

  /esbuild-netbsd-64/0.14.31:
    resolution: {integrity: sha512-bJ+pyLvKQm+Obp5k7/Wk8e9Gdkls56F1aiI3uptoIfOIUqsZImH7pDyTrSufwqsFp62kO9LRuwXnjDwQtPyhFQ==}
    engines: {node: '>=12'}
    cpu: [x64]
    os: [netbsd]
    requiresBuild: true
    dev: true
    optional: true

  /esbuild-openbsd-64/0.14.31:
    resolution: {integrity: sha512-NRAAPPca05H9j9Xab0kVXK0V6/pyZGGy8d2Y8KS0BMwWEydlD4KCJDmH8/7bWCKYLRGOOCE9/GPBJyPWHFW3sg==}
    engines: {node: '>=12'}
    cpu: [x64]
    os: [openbsd]
    requiresBuild: true
    dev: true
    optional: true

  /esbuild-sunos-64/0.14.31:
    resolution: {integrity: sha512-9uA+V8w9Eehu4ldb95lPWdgCMcMO5HH6pXmfkk5usn3JsSZxKdLKsXB4hYgP80wscZvVYXJl2G+KNxsUTfPhZw==}
    engines: {node: '>=12'}
    cpu: [x64]
    os: [sunos]
    requiresBuild: true
    dev: true
    optional: true

  /esbuild-windows-32/0.14.31:
    resolution: {integrity: sha512-VGdncQTqoxD9q3v/dk0Yugbmx2FzOkcs0OemBYc1X9KXOLQYH0uQbLJIckZdZOC3J+JKSExbYFrzYCOwWPuNyA==}
    engines: {node: '>=12'}
    cpu: [ia32]
    os: [win32]
    requiresBuild: true
    dev: true
    optional: true

  /esbuild-windows-64/0.14.31:
    resolution: {integrity: sha512-v/2ye5zBqpmCzi3bLCagStbNQlnOsY7WtMrD2Q0xZxeSIXONxji15KYtVee5o7nw4lXWbQSS1BL8G6BBMvtq4A==}
    engines: {node: '>=12'}
    cpu: [x64]
    os: [win32]
    requiresBuild: true
    dev: true
    optional: true

  /esbuild-windows-arm64/0.14.31:
    resolution: {integrity: sha512-RXeU42FJoG1sriNHg73h4S+5B7L/gw+8T7U9u8IWqSSEbY6fZvBh4uofugiU1szUDqqP00GHwZ09WgYe3lGZiw==}
    engines: {node: '>=12'}
    cpu: [arm64]
    os: [win32]
    requiresBuild: true
    dev: true
    optional: true

  /esbuild/0.14.31:
    resolution: {integrity: sha512-QA0fUM13+JZzcvg1bdrhi7wo8Lr5IRHA9ypNn2znqxGqb66dSK6pAh01TjyBOhzZGazPQJZ1K26VrCAQJ715qA==}
    engines: {node: '>=12'}
    hasBin: true
    requiresBuild: true
    optionalDependencies:
      esbuild-android-64: 0.14.31
      esbuild-android-arm64: 0.14.31
      esbuild-darwin-64: 0.14.31
      esbuild-darwin-arm64: 0.14.31
      esbuild-freebsd-64: 0.14.31
      esbuild-freebsd-arm64: 0.14.31
      esbuild-linux-32: 0.14.31
      esbuild-linux-64: 0.14.31
      esbuild-linux-arm: 0.14.31
      esbuild-linux-arm64: 0.14.31
      esbuild-linux-mips64le: 0.14.31
      esbuild-linux-ppc64le: 0.14.31
      esbuild-linux-riscv64: 0.14.31
      esbuild-linux-s390x: 0.14.31
      esbuild-netbsd-64: 0.14.31
      esbuild-openbsd-64: 0.14.31
      esbuild-sunos-64: 0.14.31
      esbuild-windows-32: 0.14.31
      esbuild-windows-64: 0.14.31
      esbuild-windows-arm64: 0.14.31
    dev: true

  /escape-html/1.0.3:
    resolution: {integrity: sha1-Aljq5NPQwJdN4cFpGI7wBR0dGYg=}
    dev: false

  /estree-walker/2.0.2:
    resolution: {integrity: sha512-Rfkk/Mp/DL7JVje3u18FxFujQlTNR2q6QfMSMB7AvCBx91NGj/ba3kCfza0f6dVDbw7YlRf/nDrn7pQrCCyQ/w==}

  /fast-glob/3.2.11:
    resolution: {integrity: sha512-xrO3+1bxSo3ZVHAnqzyuewYT6aMFHRAd4Kcs92MAonjwQZLsK9d0SF1IyQ3k5PoirxTW0Oe/RqFgMQ6TcNE5Ew==}
    engines: {node: '>=8.6.0'}
    dependencies:
      '@nodelib/fs.stat': 2.0.5
      '@nodelib/fs.walk': 1.2.8
      glob-parent: 5.1.2
      merge2: 1.4.1
      micromatch: 4.0.5
    dev: true

  /fastq/1.13.0:
    resolution: {integrity: sha512-YpkpUnK8od0o1hmeSc7UUs/eB/vIPWJYjKck2QKIzAf71Vm1AAQ3EbuZB3g2JIy+pg+ERD0vqI79KyZiB2e2Nw==}
    dependencies:
      reusify: 1.0.4
    dev: true

  /fill-range/7.0.1:
    resolution: {integrity: sha512-qOo9F+dMUmC2Lcb4BbVvnKJxTPjCm+RRpe4gDuGrzkL7mEVl/djYSu2OdQ2Pa302N4oqkSg9ir6jaLWJ2USVpQ==}
    engines: {node: '>=8'}
    dependencies:
      to-regex-range: 5.0.1
    dev: true

  /fsevents/2.3.2:
    resolution: {integrity: sha512-xiqMQR4xAeHTuB9uWm+fFRcIOgKBMiOBP+eXiyT7jsgVCq1bkVygt00oASowB7EdtpOHaaPgKt812P9ab+DDKA==}
    engines: {node: ^8.16.0 || ^10.6.0 || >=11.0.0}
    os: [darwin]
    requiresBuild: true
    dev: true
    optional: true

  /function-bind/1.1.1:
    resolution: {integrity: sha512-yIovAzMX49sF8Yl58fSCWJ5svSLuaibPxXQJFLmBObTuCr0Mf1KiPopGM9NiFjiYBCbfaa2Fh6breQ6ANVTI0A==}
    dev: true

  /get-intrinsic/1.1.1:
    resolution: {integrity: sha512-kWZrnVM42QCiEA2Ig1bG8zjoIMOgxWwYCEeNdwY6Tv/cOSeGpcoX4pXHfKUxNKVoArnrEr2e9srnAxxGIraS9Q==}
    dependencies:
      function-bind: 1.1.1
      has: 1.0.3
      has-symbols: 1.0.3
    dev: true

  /glob-parent/5.1.2:
    resolution: {integrity: sha512-AOIgSQCepiJYwP3ARnGx+5VnTu2HBYdzbGP45eLw1vr3zB3vZLeyed1sC9hnbcOc9/SrMyM5RPQrkGz4aS9Zow==}
    engines: {node: '>= 6'}
    dependencies:
      is-glob: 4.0.3
    dev: true

  /has-symbols/1.0.3:
    resolution: {integrity: sha512-l3LCuF6MgDNwTDKkdYGEihYjt5pRPbEg46rtlmnSPlUbgmB8LOIrKJbYYFBSbnPaJexMKtiPO8hmeRjRz2Td+A==}
    engines: {node: '>= 0.4'}
    dev: true

  /has-tostringtag/1.0.0:
    resolution: {integrity: sha512-kFjcSNhnlGV1kyoGk7OXKSawH5JOb/LzUc5w9B02hOTO0dfFRjbHQKvg1d6cf3HbeUmtU9VbbV3qzZ2Teh97WQ==}
    engines: {node: '>= 0.4'}
    dependencies:
      has-symbols: 1.0.3
    dev: true

  /has/1.0.3:
    resolution: {integrity: sha512-f2dvO0VU6Oej7RkWJGrehjbzMAjFp5/VKPp5tTpWIV4JHHZK1/BxbFRtf/siA2SWTe09caDmVtYYzWEIbBS4zw==}
    engines: {node: '>= 0.4.0'}
    dependencies:
      function-bind: 1.1.1
    dev: true

  /immutable/4.0.0:
    resolution: {integrity: sha512-zIE9hX70qew5qTUjSS7wi1iwj/l7+m54KWU247nhM3v806UdGj1yDndXj+IOYxxtW9zyLI+xqFNZjTuDaLUqFw==}
    dev: true

  /is-binary-path/2.1.0:
    resolution: {integrity: sha512-ZMERYes6pDydyuGidse7OsHxtbI7WVeUEozgR/g7rd0xUimYNlvZRE/K2MgZTjWy725IfelLeVcEM97mmtRGXw==}
    engines: {node: '>=8'}
    dependencies:
      binary-extensions: 2.2.0
    dev: true

  /is-core-module/2.8.1:
    resolution: {integrity: sha512-SdNCUs284hr40hFTFP6l0IfZ/RSrMXF3qgoRHd3/79unUTvrFO/JoXwkGm+5J/Oe3E/b5GsnG330uUNgRpu1PA==}
    dependencies:
      has: 1.0.3
    dev: true

  /is-expression/4.0.0:
    resolution: {integrity: sha512-zMIXX63sxzG3XrkHkrAPvm/OVZVSCPNkwMHU8oTX7/U3AL78I0QXCEICXUM13BIa8TYGZ68PiTKfQz3yaTNr4A==}
    dependencies:
      acorn: 7.4.1
      object-assign: 4.1.1
    dev: true

  /is-extglob/2.1.1:
    resolution: {integrity: sha1-qIwCU1eR8C7TfHahueqXc8gz+MI=}
    engines: {node: '>=0.10.0'}
    dev: true

  /is-glob/4.0.3:
    resolution: {integrity: sha512-xelSayHH36ZgE7ZWhli7pW34hNbNl8Ojv5KVmkJD4hBdD3th8Tfk9vYasLM+mXWOZhFkgZfxhLSnrwRr4elSSg==}
    engines: {node: '>=0.10.0'}
    dependencies:
      is-extglob: 2.1.1
    dev: true

  /is-number/7.0.0:
    resolution: {integrity: sha512-41Cifkg6e8TylSpdtTpeLVMqvSBEVzTttHvERD741+pnZ8ANv0004MRL43QKPDlK9cGvNp6NZWZUBlbGXYxxng==}
    engines: {node: '>=0.12.0'}
    dev: true

  /is-regex/1.1.4:
    resolution: {integrity: sha512-kvRdxDsxZjhzUX07ZnLydzS1TU/TJlTUHHY4YLL87e37oUA49DfkLqgy+VjFocowy29cKvcSiu+kIv728jTTVg==}
    engines: {node: '>= 0.4'}
    dependencies:
      call-bind: 1.0.2
      has-tostringtag: 1.0.0
    dev: true

  /local-pkg/0.4.1:
    resolution: {integrity: sha512-lL87ytIGP2FU5PWwNDo0w3WhIo2gopIAxPg9RxDYF7m4rr5ahuZxP22xnJHIvaLTe4Z9P6uKKY2UHiwyB4pcrw==}
    engines: {node: '>=14'}
    dev: true

  /lodash-es/4.17.21:
    resolution: {integrity: sha512-mKnC+QJ9pWVzv+C4/U3rRsHapFfHvQFoFB92e52xeyGMcX6/OlIl78je1u8vePzYZSkkogMPJ2yjxxsb89cxyw==}
    dev: false

  /lodash-unified/1.0.2_3ib2ivapxullxkx3xftsimdk7u:
    resolution: {integrity: sha512-OGbEy+1P+UT26CYi4opY4gebD8cWRDxAT6MAObIVQMiqYdxZr1g3QHWCToVsm31x2NkLS4K3+MC2qInaRMa39g==}
    peerDependencies:
      '@types/lodash-es': '*'
      lodash: '*'
      lodash-es: '*'
    dependencies:
      '@types/lodash-es': 4.17.6
      lodash: 4.17.21
      lodash-es: 4.17.21
    dev: false

  /lodash/4.17.21:
    resolution: {integrity: sha512-v2kDEe57lecTulaDIuNTPy3Ry4gLGJ6Z1O3vE1krgXZNrsQ+LFTGHVxVjcXPs17LhbZVGedAJv8XZ1tvj5FvSg==}
    dev: false

  /magic-string/0.25.9:
    resolution: {integrity: sha512-RmF0AsMzgt25qzqqLc1+MbHmhdx0ojF2Fvs4XnOqz2ZOBXzzkEwc/dJQZCYHAn7v1jbVOjAZfK8msRn4BxO4VQ==}
    dependencies:
      sourcemap-codec: 1.4.8

  /magic-string/0.26.1:
    resolution: {integrity: sha512-ndThHmvgtieXe8J/VGPjG+Apu7v7ItcD5mhEIvOscWjPF/ccOiLxHaSuCAS2G+3x4GKsAbT8u7zdyamupui8Tg==}
    engines: {node: '>=12'}
    dependencies:
      sourcemap-codec: 1.4.8
    dev: true

  /memoize-one/6.0.0:
    resolution: {integrity: sha512-rkpe71W0N0c0Xz6QD0eJETuWAJGnJ9afsl1srmwPrI+yBCkge5EycXXbYRyvL29zZVUWQCY7InPRCv3GDXuZNw==}
    dev: false

  /merge2/1.4.1:
    resolution: {integrity: sha512-8q7VEgMJW4J8tcfVPy8g09NcQwZdbwFEqhe/WZkoIzjn/3TGDwtOCYtXGxA3O8tPzpczCCDgv+P2P5y00ZJOOg==}
    engines: {node: '>= 8'}
    dev: true

  /micromatch/4.0.5:
    resolution: {integrity: sha512-DMy+ERcEW2q8Z2Po+WNXuw3c5YaUSFjAO5GsJqfEl7UjvtIuFKO6ZrKvcItdy98dwFI2N1tg3zNIdKaQT+aNdA==}
    engines: {node: '>=8.6'}
    dependencies:
      braces: 3.0.2
      picomatch: 2.3.1
    dev: true

  /minimatch/5.0.1:
    resolution: {integrity: sha512-nLDxIFRyhDblz3qMuq+SoRZED4+miJ/G+tdDrjkkkRnjAsBexeGpgjLEQ0blJy7rHhR2b93rhQY4SvyWu9v03g==}
    engines: {node: '>=10'}
    dependencies:
      brace-expansion: 2.0.1
    dev: true

  /ms/2.1.2:
    resolution: {integrity: sha512-sGkPx+VjMtmA6MX27oA4FBFELFCZZ4S4XqeGOXCv68tT+jb3vk/RyaKWP0PTKyWtmLSM0b+adUTEvbs1PEaH2w==}
    dev: true

  /nanoid/3.3.2:
    resolution: {integrity: sha512-CuHBogktKwpm5g2sRgv83jEy2ijFzBwMoYA60orPDR7ynsLijJDqgsi4RDGj3OJpy3Ieb+LYwiRmIOGyytgITA==}
    engines: {node: ^10 || ^12 || ^13.7 || ^14 || >=15.0.1}
    hasBin: true

  /normalize-path/3.0.0:
    resolution: {integrity: sha512-6eZs5Ls3WtCisHWp9S2GUy8dqkpGi4BVSz3GaqiE6ezub0512ESztXUwUB6C6IKbQkY2Pnb/mD4WYojCRwcwLA==}
    engines: {node: '>=0.10.0'}
    dev: true

  /normalize-wheel-es/1.1.2:
    resolution: {integrity: sha512-scX83plWJXYH1J4+BhAuIHadROzxX0UBF3+HuZNY2Ks8BciE7tSTQ+5JhTsvzjaO0/EJdm4JBGrfObKxFf3Png==}
    dev: false

  /object-assign/4.1.1:
    resolution: {integrity: sha1-IQmtx5ZYh8/AXLvUQsrIv7s2CGM=}
    engines: {node: '>=0.10.0'}
    dev: true

  /path-parse/1.0.7:
    resolution: {integrity: sha512-LDJzPVEEEPR+y48z93A0Ed0yXb8pAByGWo/k5YYdYgpY2/2EsOsksJrq7lOHxryrVOn1ejG6oAp8ahvOIQD8sw==}
    dev: true

  /picocolors/1.0.0:
    resolution: {integrity: sha512-1fygroTLlHu66zi26VoTDv8yRgm0Fccecssto+MhsZ0D/DGW2sm8E8AjW7NU5VVTRt5GxbeZ5qBuJr+HyLYkjQ==}

  /picomatch/2.3.1:
    resolution: {integrity: sha512-JU3teHTNjmE2VCGFzuY8EXzCDVwEqB2a8fsIvwaStHhAWJEeVd1o1QD80CU6+ZdEXXSLbSsuLwJjkCBWqRQUVA==}
    engines: {node: '>=8.6'}
    dev: true

  /postcss/8.4.12:
    resolution: {integrity: sha512-lg6eITwYe9v6Hr5CncVbK70SoioNQIq81nsaG86ev5hAidQvmOeETBqs7jm43K2F5/Ley3ytDtriImV6TpNiSg==}
    engines: {node: ^10 || ^12 || >=14}
    dependencies:
      nanoid: 3.3.2
      picocolors: 1.0.0
      source-map-js: 1.0.2

  /pug-error/2.0.0:
    resolution: {integrity: sha512-sjiUsi9M4RAGHktC1drQfCr5C5eriu24Lfbt4s+7SykztEOwVZtbFk1RRq0tzLxcMxMYTBR+zMQaG07J/btayQ==}
    dev: true

  /pug-lexer/5.0.1:
    resolution: {integrity: sha512-0I6C62+keXlZPZkOJeVam9aBLVP2EnbeDw3An+k0/QlqdwH6rv8284nko14Na7c0TtqtogfWXcRoFE4O4Ff20w==}
    dependencies:
      character-parser: 2.2.0
      is-expression: 4.0.0
      pug-error: 2.0.0
    dev: true

  /pug-parser/6.0.0:
    resolution: {integrity: sha512-ukiYM/9cH6Cml+AOl5kETtM9NR3WulyVP2y4HOU45DyMim1IeP/OOiyEWRr6qk5I5klpsBnbuHpwKmTx6WURnw==}
    dependencies:
      pug-error: 2.0.0
      token-stream: 1.0.0
    dev: true

  /queue-microtask/1.2.3:
    resolution: {integrity: sha512-NuaNSa6flKT5JaSYQzJok04JzTL1CA6aGhv5rfLW3PgqA+M2ChpZQnAC8h8i4ZFkBS8X5RqkDBHA7r4hej3K9A==}
    dev: true

  /readdirp/3.6.0:
    resolution: {integrity: sha512-hOS089on8RduqdbhvQ5Z37A0ESjsqz6qnRcffsMU3495FuTdqSm+7bhJ29JvIOsBDEEnan5DPu9t3To9VRlMzA==}
    engines: {node: '>=8.10.0'}
    dependencies:
      picomatch: 2.3.1
    dev: true

  /resolve/1.22.0:
    resolution: {integrity: sha512-Hhtrw0nLeSrFQ7phPp4OOcVjLPIeMnRlr5mcnVuMe7M/7eBn98A3hmFRLoFo3DLZkivSYwhRUJTyPyWAk56WLw==}
    hasBin: true
    dependencies:
      is-core-module: 2.8.1
      path-parse: 1.0.7
      supports-preserve-symlinks-flag: 1.0.0
    dev: true

  /reusify/1.0.4:
    resolution: {integrity: sha512-U9nH88a3fc/ekCF1l0/UP1IosiuIjyTh7hBvXVMHYgVcfGvt897Xguj2UOLDeI5BG2m7/uwyaLVT6fbtCwTyzw==}
    engines: {iojs: '>=1.0.0', node: '>=0.10.0'}
    dev: true

  /rollup/2.70.1:
    resolution: {integrity: sha512-CRYsI5EuzLbXdxC6RnYhOuRdtz4bhejPMSWjsFLfVM/7w/85n2szZv6yExqUXsBdz5KT8eoubeyDUDjhLHEslA==}
    engines: {node: '>=10.0.0'}
    hasBin: true
    optionalDependencies:
      fsevents: 2.3.2
    dev: true

  /run-parallel/1.2.0:
    resolution: {integrity: sha512-5l4VyZR86LZ/lDxZTR6jqL8AFE2S0IFLMP26AbjsLVADxHdhB/c0GUsH+y39UfCi3dzz8OlQuPmnaJOMoDHQBA==}
    dependencies:
      queue-microtask: 1.2.3
    dev: true

  /sass/1.50.0:
    resolution: {integrity: sha512-cLsD6MEZ5URXHStxApajEh7gW189kkjn4Rc8DQweMyF+o5HF5nfEz8QYLMlPsTOD88DknatTmBWkOcw5/LnJLQ==}
    engines: {node: '>=12.0.0'}
    hasBin: true
    dependencies:
      chokidar: 3.5.3
      immutable: 4.0.0
      source-map-js: 1.0.2
    dev: true

  /source-map-js/1.0.2:
    resolution: {integrity: sha512-R0XvVJ9WusLiqTCEiGCmICCMplcCkIwwR11mOSD9CR5u+IXYdiseeEuXCVAjS54zqwkLcPNnmU4OeJ6tUrWhDw==}
    engines: {node: '>=0.10.0'}

  /source-map/0.6.1:
    resolution: {integrity: sha512-UjgapumWlbMhkBgzT7Ykc5YXUT46F0iKu8SGXq0bcwP5dz/h0Plj6enJqjz1Zbq2l5WaqYnrVbwWOWMyF3F47g==}
    engines: {node: '>=0.10.0'}

  /sourcemap-codec/1.4.8:
    resolution: {integrity: sha512-9NykojV5Uih4lgo5So5dtw+f0JgJX30KCNI8gwhz2J9A15wD0Ml6tjHKwf6fTSa6fAdVBdZeNOs9eJ71qCk8vA==}

  /supports-preserve-symlinks-flag/1.0.0:
    resolution: {integrity: sha512-ot0WnXS9fgdkgIcePe6RHNk1WA8+muPa6cSjeR3V8K27q9BB1rTE3R1p7Hv0z1ZyAc8s6Vvv8DIyWf681MAt0w==}
    engines: {node: '>= 0.4'}
    dev: true

  /to-fast-properties/2.0.0:
    resolution: {integrity: sha1-3F5pjL0HkmW8c+A3doGk5Og/YW4=}
    engines: {node: '>=4'}

  /to-regex-range/5.0.1:
    resolution: {integrity: sha512-65P7iz6X5yEr1cwcgvQxbbIw7Uk3gOy5dIdtZ4rDveLqhrdJP+Li/Hx6tyK0NEb+2GCyneCMJiGqrADCSNk8sQ==}
    engines: {node: '>=8.0'}
    dependencies:
      is-number: 7.0.0
    dev: true

  /token-stream/1.0.0:
    resolution: {integrity: sha1-zCAOqyYT9BZtJ/+a/HylbUnfbrQ=}
    dev: true

  /type-fest/2.12.1:
    resolution: {integrity: sha512-AiknQSEqKVGDDjtZqeKrUoTlcj7FKhupmnVUgz6KoOKtvMwRGE6hUNJ/nVear+h7fnUPO1q/htSkYKb1pyntkQ==}
    engines: {node: '>=12.20'}
    dev: false

  /typescript/4.6.3:
    resolution: {integrity: sha512-yNIatDa5iaofVozS/uQJEl3JRWLKKGJKh6Yaiv0GLGSuhpFJe7P3SbHZ8/yjAHRQwKRoA6YZqlfjXWmVzoVSMw==}
    engines: {node: '>=4.2.0'}
    hasBin: true
    dev: true

  /unplugin-auto-import/0.6.9_ry67vpzey2m6u54pciqdqn5ine:
    resolution: {integrity: sha512-IqgT7AoRrNQwNhiF/wDH3sMEDX8SqCYBEgJzwdg5441b5aiC5VwZz0J0wYqkaKu89YkZE9DG6rQ2JpFfZv1iiQ==}
    engines: {node: '>=14'}
    peerDependencies:
      '@vueuse/core': '*'
    peerDependenciesMeta:
      '@vueuse/core':
        optional: true
    dependencies:
      '@antfu/utils': 0.5.0
      '@rollup/pluginutils': 4.2.0
      '@vueuse/core': 8.2.6_vue@3.2.31
      local-pkg: 0.4.1
      magic-string: 0.26.1
      resolve: 1.22.0
      unplugin: 0.4.0_vite@2.9.1
    transitivePeerDependencies:
      - esbuild
      - rollup
      - vite
      - webpack
    dev: true

  /unplugin-vue-components/0.18.5_vite@2.9.1+vue@3.2.31:
    resolution: {integrity: sha512-VPA6z/4pcKRDYtWu1H+FIpV0MADlFKG3q7YMVFzNFC3EhMVZ4WuBJ76490oKyauguNw1T1obLCuxNU9JzJ0oAQ==}
    engines: {node: '>=14'}
    peerDependencies:
      '@babel/parser': ^7.15.8
      '@babel/traverse': ^7.15.4
      vue: 2 || 3
    peerDependenciesMeta:
      '@babel/parser':
        optional: true
      '@babel/traverse':
        optional: true
    dependencies:
      '@antfu/utils': 0.5.0
      '@rollup/pluginutils': 4.2.0
      chokidar: 3.5.3
      debug: 4.3.4
      fast-glob: 3.2.11
      local-pkg: 0.4.1
      magic-string: 0.26.1
      minimatch: 5.0.1
      resolve: 1.22.0
      unplugin: 0.4.0_vite@2.9.1
      vue: 3.2.31
    transitivePeerDependencies:
      - esbuild
      - rollup
      - supports-color
      - vite
      - webpack
    dev: true

  /unplugin/0.4.0_vite@2.9.1:
    resolution: {integrity: sha512-4ScITEmzlz1iZW3tkz+3L1V5k/xMQ6kjgm4lEXKxH0ozd8/OUWfiSA7RMRyrawsvq/t50JIzPpp1UyuSL/AXkA==}
    peerDependencies:
      esbuild: '>=0.13'
      rollup: ^2.50.0
      vite: ^2.3.0
      webpack: 4 || 5
    peerDependenciesMeta:
      esbuild:
        optional: true
      rollup:
        optional: true
      vite:
        optional: true
      webpack:
        optional: true
    dependencies:
      chokidar: 3.5.3
      vite: 2.9.1_sass@1.50.0
      webpack-virtual-modules: 0.4.3
    dev: true

  /upath/2.0.1:
    resolution: {integrity: sha512-1uEe95xksV1O0CYKXo8vQvN1JEbtJp7lb7C5U9HMsIp6IVwntkH/oNUzyVNQSd4S1sYk2FpSSW44FqMc8qee5w==}
    engines: {node: '>=4'}
    dev: true

  /vite/2.9.1_sass@1.50.0:
    resolution: {integrity: sha512-vSlsSdOYGcYEJfkQ/NeLXgnRv5zZfpAsdztkIrs7AZHV8RCMZQkwjo4DS5BnrYTqoWqLoUe1Cah4aVO4oNNqCQ==}
    engines: {node: '>=12.2.0'}
    hasBin: true
    peerDependencies:
      less: '*'
      sass: '*'
      stylus: '*'
    peerDependenciesMeta:
      less:
        optional: true
      sass:
        optional: true
      stylus:
        optional: true
    dependencies:
      esbuild: 0.14.31
      postcss: 8.4.12
      resolve: 1.22.0
      rollup: 2.70.1
      sass: 1.50.0
    optionalDependencies:
      fsevents: 2.3.2
    dev: true

  /vscode-jsonrpc/8.0.0-next.7:
    resolution: {integrity: sha512-JX/F31LEsims0dAlOTKFE4E+AJMiJvdRSRViifFJSqSN7EzeYyWlfuDchF7g91oRNPZOIWfibTkDf3/UMsQGzQ==}
    engines: {node: '>=14.0.0'}
    dev: true

  /vscode-languageserver-textdocument/1.0.4:
    resolution: {integrity: sha512-/xhqXP/2A2RSs+J8JNXpiiNVvvNM0oTosNVmQnunlKvq9o4mupHOBAnnzH0lwIPKazXKvAKsVp1kr+H/K4lgoQ==}
    dev: true

  /vscode-languageserver-types/3.17.0-next.9:
    resolution: {integrity: sha512-9/PeDNPYduaoXRUzYpqmu4ZV9L01HGo0wH9FUt+sSHR7IXwA7xoXBfNUlv8gB9H0D2WwEmMomSy1NmhjKQyn3A==}
    dev: true

  /vscode-uri/3.0.3:
    resolution: {integrity: sha512-EcswR2S8bpR7fD0YPeS7r2xXExrScVMxg4MedACaWHEtx9ftCF/qHG1xGkolzTPcEmjTavCQgbVzHUIdTMzFGA==}
    dev: true

  /vue-demi/0.12.5_vue@3.2.31:
    resolution: {integrity: sha512-BREuTgTYlUr0zw0EZn3hnhC3I6gPWv+Kwh4MCih6QcAeaTlaIX0DwOVN0wHej7hSvDPecz4jygy/idsgKfW58Q==}
    engines: {node: '>=12'}
    hasBin: true
    requiresBuild: true
    peerDependencies:
      '@vue/composition-api': ^1.0.0-rc.1
      vue: ^3.0.0-0 || ^2.6.0
    peerDependenciesMeta:
      '@vue/composition-api':
        optional: true
    dependencies:
      vue: 3.2.31
    dev: false

  /vue-i18n/9.1.9_vue@3.2.31:
    resolution: {integrity: sha512-JeRdNVxS2OGp1E+pye5XB6+M6BBkHwAv9C80Q7+kzoMdUDGRna06tjC0vCB/jDX9aWrl5swxOMFcyAr7or8XTA==}
    engines: {node: '>= 10'}
    peerDependencies:
      vue: ^3.0.0
    dependencies:
      '@intlify/core-base': 9.1.9
      '@intlify/shared': 9.1.9
      '@intlify/vue-devtools': 9.1.9
      '@vue/devtools-api': 6.1.4
      vue: 3.2.31
    dev: false

  /vue-tsc/0.33.9_typescript@4.6.3:
    resolution: {integrity: sha512-s/+r4JNsCh4e3MUdsYrjEA8IgPPDzHL5kEah/OznxIHd1XMlYiIkXGdiyU6JE5J+lzXNOKdOlNliqwwpeETQWw==}
    hasBin: true
    peerDependencies:
      typescript: '*'
    dependencies:
      '@volar/vue-typescript': 0.33.9
      typescript: 4.6.3
    dev: true

  /vue/3.2.31:
    resolution: {integrity: sha512-odT3W2tcffTiQCy57nOT93INw1auq5lYLLYtWpPYQQYQOOdHiqFct9Xhna6GJ+pJQaF67yZABraH47oywkJgFw==}
    dependencies:
      '@vue/compiler-dom': 3.2.31
      '@vue/compiler-sfc': 3.2.31
      '@vue/runtime-dom': 3.2.31
      '@vue/server-renderer': 3.2.31_vue@3.2.31
      '@vue/shared': 3.2.31
    dev: false

  /webpack-virtual-modules/0.4.3:
    resolution: {integrity: sha512-5NUqC2JquIL2pBAAo/VfBP6KuGkHIZQXW/lNKupLPfhViwh8wNsu0BObtl09yuKZszeEUfbXz8xhrHvSG16Nqw==}
    dev: true
